
Microsoft Visual Studio Solution File, Format Version 12.00
# Visual Studio Version 16
VisualStudioVersion = 16.0.32929.386
MinimumVisualStudioVersion = 10.0.40219.1
Project("{FAE04EC0-301F-11D3-BF4B-00C04F79EFBC}") = "уписп21", "уписп21\уписп21.csproj", "{FCD969BC-7EFF-48BE-986D-529A3BCEF8F5}"
EndProject
Global
	GlobalSection(SolutionConfigurationPlatforms) = preSolution
		Debug|Any CPU = Debug|Any CPU
		Release|Any CPU = Release|Any CPU
	EndGlobalSection
	GlobalSection(ProjectConfigurationPlatforms) = postSolution
		{FCD969BC-7EFF-48BE-986D-529A3BCEF8F5}.Debug|Any CPU.ActiveCfg = Debug|Any CPU
		{FCD969BC-7EFF-48BE-986D-529A3BCEF8F5}.Debug|Any CPU.Build.0 = Debug|Any CPU
		{FCD969BC-7EFF-48BE-986D-529A3BCEF8F5}.Release|Any CPU.ActiveCfg = Release|Any CPU
		{FCD969BC-7EFF-48BE-986D-529A3BCEF8F5}.Release|Any CPU.Build.0 = Release|Any CPU
	EndGlobalSection
	GlobalSection(SolutionProperties) = preSolution
		HideSolutionNode = FALSE
	EndGlobalSection
	GlobalSection(ExtensibilityGlobals) = postSolution
		SolutionGuid = {D115EFEE-600C-49FF-9F10-DEBC1DA216E2}
	EndGlobalSection
EndGlobal
